
Microsoft Visual Studio Solution File, Format Version 12.00
# Visual Studio Version 16
VisualStudioVersion = 16.0.31410.357
MinimumVisualStudioVersion = 10.0.40219.1
Project("{FAE04EC0-301F-11D3-BF4B-00C04F79EFBC}") = "APIBooks", "APIBooks\APIBooks.csproj", "{465B27A4-FCF3-4DE9-9C6E-3A1634D29A10}"
EndProject
Project("{FAE04EC0-301F-11D3-BF4B-00C04F79EFBC}") = "BooksMVC", "BooksMVC\BooksMVC.csproj", "{E4314143-4A7F-4802-BF38-D7B73DFCB775}"
EndProject
Global
	GlobalSection(SolutionConfigurationPlatforms) = preSolution
		Debug|Any CPU = Debug|Any CPU
		Release|Any CPU = Release|Any CPU
	EndGlobalSection
	GlobalSection(ProjectConfigurationPlatforms) = postSolution
		{465B27A4-FCF3-4DE9-9C6E-3A1634D29A10}.Debug|Any CPU.ActiveCfg = Debug|Any CPU
		{465B27A4-FCF3-4DE9-9C6E-3A1634D29A10}.Debug|Any CPU.Build.0 = Debug|Any CPU
		{465B27A4-FCF3-4DE9-9C6E-3A1634D29A10}.Release|Any CPU.ActiveCfg = Release|Any CPU
		{465B27A4-FCF3-4DE9-9C6E-3A1634D29A10}.Release|Any CPU.Build.0 = Release|Any CPU
		{E4314143-4A7F-4802-BF38-D7B73DFCB775}.Debug|Any CPU.ActiveCfg = Debug|Any CPU
		{E4314143-4A7F-4802-BF38-D7B73DFCB775}.Debug|Any CPU.Build.0 = Debug|Any CPU
		{E4314143-4A7F-4802-BF38-D7B73DFCB775}.Release|Any CPU.ActiveCfg = Release|Any CPU
		{E4314143-4A7F-4802-BF38-D7B73DFCB775}.Release|Any CPU.Build.0 = Release|Any CPU
	EndGlobalSection
	GlobalSection(SolutionProperties) = preSolution
		HideSolutionNode = FALSE
	EndGlobalSection
	GlobalSection(ExtensibilityGlobals) = postSolution
		SolutionGuid = {28D275B8-E826-47D8-B2A5-B6687697B379}
	EndGlobalSection
EndGlobal
